
Microsoft Visual Studio Solution File, Format Version 12.00
# Visual Studio Version 17
VisualStudioVersion = 17.4.33122.133
MinimumVisualStudioVersion = 10.0.40219.1
Project("{9A19103F-16F7-4668-BE54-9A1E7A4F7556}") = "ClrProfiling.Core", "ClrProfiling.Core\ClrProfiling.Core.csproj", "{EF302537-E1D4-4DD5-9F3F-80A52D5F8172}"
EndProject
Project("{9A19103F-16F7-4668-BE54-9A1E7A4F7556}") = "SampleApp", "SampleApp\SampleApp.csproj", "{D8F7AE99-3F9D-44DD-B23F-5E3625EFC304}"
EndProject
Project("{9A19103F-16F7-4668-BE54-9A1E7A4F7556}") = "MyProfiler", "MyProfiler\MyProfiler.csproj", "{F14A3C6D-4F03-48CF-A3F4-BACF87DC97F2}"
EndProject
Project("{9A19103F-16F7-4668-BE54-9A1E7A4F7556}") = "ClrProfiling.Generator", "ClrProfiling.Generator\ClrProfiling.Generator.csproj", "{A384B3AC-AC08-40DB-B6D9-BEE852B7F385}"
EndProject
Project("{2150E333-8FDC-42A3-9474-1A3956D46DE8}") = "Samples", "Samples", "{B6EE7536-2FD4-4D05-B3E3-F9A794F45C6D}"
EndProject
Project("{2150E333-8FDC-42A3-9474-1A3956D46DE8}") = "Tests", "Tests", "{0CF4F019-2CBF-482A-9DC9-F6707179B932}"
	ProjectSection(SolutionItems) = preProject
		README.md = README.md
	EndProjectSection
EndProject
Project("{2150E333-8FDC-42A3-9474-1A3956D46DE8}") = "SolutionFiles", "SolutionFiles", "{0AC75188-B752-4E3D-A3E6-3EFADA6F9802}"
	ProjectSection(SolutionItems) = preProject
		.gitignore = .gitignore
		README.md = README.md
	EndProjectSection
EndProject
Project("{9A19103F-16F7-4668-BE54-9A1E7A4F7556}") = "Tests.Common", "Tests\Common\Tests.Common.csproj", "{1C3BD19B-3A2B-41C9-A8E2-A798F0DAEE5D}"
EndProject
Project("{9A19103F-16F7-4668-BE54-9A1E7A4F7556}") = "GCBasic", "Tests\GCBasic\GCBasic.csproj", "{099F09DF-EC52-498E-9472-4F5EAC07504A}"
EndProject
Project("{9A19103F-16F7-4668-BE54-9A1E7A4F7556}") = "Transitions", "Tests\Transitions\Transitions.csproj", "{DEE65BCE-3342-43DA-9177-3DAD6A146608}"
EndProject
Project("{9A19103F-16F7-4668-BE54-9A1E7A4F7556}") = "Tests.Profilers", "Tests\Profilers\Tests.Profilers.csproj", "{F9463559-171B-43CD-8241-E6814BB7D9CF}"
EndProject
Project("{9A19103F-16F7-4668-BE54-9A1E7A4F7556}") = "GCAllocations", "Tests\GCAllocations\GCAllocations.csproj", "{C734B65A-788F-46C7-A843-5CD4BE69E2E9}"
EndProject
Project("{9A19103F-16F7-4668-BE54-9A1E7A4F7556}") = "GC", "Tests\GC\GC.csproj", "{12750268-C4A9-4397-94F0-D2684098A0CF}"
EndProject
Project("{9A19103F-16F7-4668-BE54-9A1E7A4F7556}") = "Tests", "Tests\Tests\Tests.csproj", "{A2927321-A8B7-4982-9D35-05D2FE9EFEC8}"
EndProject
Project("{9A19103F-16F7-4668-BE54-9A1E7A4F7556}") = "Inlining", "Tests\Inlining\Inlining.csproj", "{9EB1B12F-DE95-47F7-AB2C-8FBFDB0D3C5C}"
EndProject
Project("{9A19103F-16F7-4668-BE54-9A1E7A4F7556}") = "ClrProfiling.Hooks", "ClrProfiling.Hooks\ClrProfiling.Hooks.csproj", "{2E0CA6A2-F423-45F3-B76F-6CA9D25386DC}"
EndProject
Project("{9A19103F-16F7-4668-BE54-9A1E7A4F7556}") = "Assembly", "Tests\Assembly\Assembly.csproj", "{6ED4E891-2A51-4D26-9C32-44BC0829AC27}"
EndProject
Project("{9A19103F-16F7-4668-BE54-9A1E7A4F7556}") = "TestFile", "Tests\TestFile\TestFile.csproj", "{61B954AF-A743-4033-A608-AF32A6864478}"
EndProject
Project("{9A19103F-16F7-4668-BE54-9A1E7A4F7556}") = "ClrProfiling.Backend.Common", "ClrProfiling.Backend.Common\ClrProfiling.Backend.Common.csproj", "{9719CB6A-74AD-441D-A999-0F16A1855D1C}"
EndProject
Project("{2150E333-8FDC-42A3-9474-1A3956D46DE8}") = "Stack", "Stack", "{60381250-ADAD-4E9C-B7AB-A2837C983693}"
EndProject
Project("{9A19103F-16F7-4668-BE54-9A1E7A4F7556}") = "ClrProfiling.Backend.Windows", "ClrProfiling.Backend.Windows\ClrProfiling.Backend.Windows.csproj", "{AFF99737-C82A-4FA3-99AD-1A22D220170F}"
EndProject
Project("{9A19103F-16F7-4668-BE54-9A1E7A4F7556}") = "ClrProfiling.Backend.Windows.Tests", "Tests\ClrProfiling.Backend.Windows.Tests\ClrProfiling.Backend.Windows.Tests.csproj", "{C6F557C4-9A5B-46C6-8423-9B7D8089AE45}"
EndProject
Project("{9A19103F-16F7-4668-BE54-9A1E7A4F7556}") = "Threads.Suspension", "Tests\Threads.Suspension\Threads.Suspension.csproj", "{F274EDBB-0288-4625-B657-F9AB2DC62543}"
EndProject
Project("{9A19103F-16F7-4668-BE54-9A1E7A4F7556}") = "Threads.StackUnwind", "Tests\Threads.StackUnwind\Threads.StackUnwind.csproj", "{E09D72D1-7A68-45E3-B7B6-990B7E78BE18}"
EndProject
Project("{2150E333-8FDC-42A3-9474-1A3956D46DE8}") = "Profilers", "Profilers", "{9E8B5D9A-AD94-4476-A125-6A894E4C7234}"
EndProject
Project("{9A19103F-16F7-4668-BE54-9A1E7A4F7556}") = "Handles", "Tests\Handles\Handles.csproj", "{D132A51B-B07A-46E6-80AE-F26617BD3ACE}"
EndProject
Global
	GlobalSection(SolutionConfigurationPlatforms) = preSolution
		Debug|Any CPU = Debug|Any CPU
		Debug|x64 = Debug|x64
		Debug|x86 = Debug|x86
		Release|Any CPU = Release|Any CPU
		Release|x64 = Release|x64
		Release|x86 = Release|x86
	EndGlobalSection
	GlobalSection(ProjectConfigurationPlatforms) = postSolution
		{EF302537-E1D4-4DD5-9F3F-80A52D5F8172}.Debug|Any CPU.ActiveCfg = Debug|Any CPU
		{EF302537-E1D4-4DD5-9F3F-80A52D5F8172}.Debug|Any CPU.Build.0 = Debug|Any CPU
		{EF302537-E1D4-4DD5-9F3F-80A52D5F8172}.Debug|x64.ActiveCfg = Debug|x64
		{EF302537-E1D4-4DD5-9F3F-80A52D5F8172}.Debug|x64.Build.0 = Debug|x64
		{EF302537-E1D4-4DD5-9F3F-80A52D5F8172}.Debug|x86.ActiveCfg = Debug|x86
		{EF302537-E1D4-4DD5-9F3F-80A52D5F8172}.Debug|x86.Build.0 = Debug|x86
		{EF302537-E1D4-4DD5-9F3F-80A52D5F8172}.Release|Any CPU.ActiveCfg = Release|Any CPU
		{EF302537-E1D4-4DD5-9F3F-80A52D5F8172}.Release|Any CPU.Build.0 = Release|Any CPU
		{EF302537-E1D4-4DD5-9F3F-80A52D5F8172}.Release|x64.ActiveCfg = Release|x64
		{EF302537-E1D4-4DD5-9F3F-80A52D5F8172}.Release|x64.Build.0 = Release|x64
		{EF302537-E1D4-4DD5-9F3F-80A52D5F8172}.Release|x86.ActiveCfg = Release|x86
		{EF302537-E1D4-4DD5-9F3F-80A52D5F8172}.Release|x86.Build.0 = Release|x86
		{D8F7AE99-3F9D-44DD-B23F-5E3625EFC304}.Debug|Any CPU.ActiveCfg = Debug|Any CPU
		{D8F7AE99-3F9D-44DD-B23F-5E3625EFC304}.Debug|Any CPU.Build.0 = Debug|Any CPU
		{D8F7AE99-3F9D-44DD-B23F-5E3625EFC304}.Debug|x64.ActiveCfg = Debug|x64
		{D8F7AE99-3F9D-44DD-B23F-5E3625EFC304}.Debug|x64.Build.0 = Debug|x64
		{D8F7AE99-3F9D-44DD-B23F-5E3625EFC304}.Debug|x86.ActiveCfg = Debug|Any CPU
		{D8F7AE99-3F9D-44DD-B23F-5E3625EFC304}.Debug|x86.Build.0 = Debug|Any CPU
		{D8F7AE99-3F9D-44DD-B23F-5E3625EFC304}.Release|Any CPU.ActiveCfg = Release|Any CPU
		{D8F7AE99-3F9D-44DD-B23F-5E3625EFC304}.Release|Any CPU.Build.0 = Release|Any CPU
		{D8F7AE99-3F9D-44DD-B23F-5E3625EFC304}.Release|x64.ActiveCfg = Release|x64
		{D8F7AE99-3F9D-44DD-B23F-5E3625EFC304}.Release|x64.Build.0 = Release|x64
		{D8F7AE99-3F9D-44DD-B23F-5E3625EFC304}.Release|x86.ActiveCfg = Release|Any CPU
		{D8F7AE99-3F9D-44DD-B23F-5E3625EFC304}.Release|x86.Build.0 = Release|Any CPU
		{F14A3C6D-4F03-48CF-A3F4-BACF87DC97F2}.Debug|Any CPU.ActiveCfg = Debug|Any CPU
		{F14A3C6D-4F03-48CF-A3F4-BACF87DC97F2}.Debug|Any CPU.Build.0 = Debug|Any CPU
		{F14A3C6D-4F03-48CF-A3F4-BACF87DC97F2}.Debug|x64.ActiveCfg = Debug|x64
		{F14A3C6D-4F03-48CF-A3F4-BACF87DC97F2}.Debug|x64.Build.0 = Debug|x64
		{F14A3C6D-4F03-48CF-A3F4-BACF87DC97F2}.Debug|x86.ActiveCfg = Debug|Any CPU
		{F14A3C6D-4F03-48CF-A3F4-BACF87DC97F2}.Debug|x86.Build.0 = Debug|Any CPU
		{F14A3C6D-4F03-48CF-A3F4-BACF87DC97F2}.Release|Any CPU.ActiveCfg = Release|Any CPU
		{F14A3C6D-4F03-48CF-A3F4-BACF87DC97F2}.Release|Any CPU.Build.0 = Release|Any CPU
		{F14A3C6D-4F03-48CF-A3F4-BACF87DC97F2}.Release|x64.ActiveCfg = Release|x64
		{F14A3C6D-4F03-48CF-A3F4-BACF87DC97F2}.Release|x64.Build.0 = Release|x64
		{F14A3C6D-4F03-48CF-A3F4-BACF87DC97F2}.Release|x86.ActiveCfg = Release|Any CPU
		{F14A3C6D-4F03-48CF-A3F4-BACF87DC97F2}.Release|x86.Build.0 = Release|Any CPU
		{A384B3AC-AC08-40DB-B6D9-BEE852B7F385}.Debug|Any CPU.ActiveCfg = Debug|Any CPU
		{A384B3AC-AC08-40DB-B6D9-BEE852B7F385}.Debug|Any CPU.Build.0 = Debug|Any CPU
		{A384B3AC-AC08-40DB-B6D9-BEE852B7F385}.Debug|x64.ActiveCfg = Debug|x64
		{A384B3AC-AC08-40DB-B6D9-BEE852B7F385}.Debug|x64.Build.0 = Debug|x64
		{A384B3AC-AC08-40DB-B6D9-BEE852B7F385}.Debug|x86.ActiveCfg = Debug|Any CPU
		{A384B3AC-AC08-40DB-B6D9-BEE852B7F385}.Debug|x86.Build.0 = Debug|Any CPU
		{A384B3AC-AC08-40DB-B6D9-BEE852B7F385}.Release|Any CPU.ActiveCfg = Release|Any CPU
		{A384B3AC-AC08-40DB-B6D9-BEE852B7F385}.Release|Any CPU.Build.0 = Release|Any CPU
		{A384B3AC-AC08-40DB-B6D9-BEE852B7F385}.Release|x64.ActiveCfg = Release|x64
		{A384B3AC-AC08-40DB-B6D9-BEE852B7F385}.Release|x64.Build.0 = Release|x64
		{A384B3AC-AC08-40DB-B6D9-BEE852B7F385}.Release|x86.ActiveCfg = Release|Any CPU
		{A384B3AC-AC08-40DB-B6D9-BEE852B7F385}.Release|x86.Build.0 = Release|Any CPU
		{1C3BD19B-3A2B-41C9-A8E2-A798F0DAEE5D}.Debug|Any CPU.ActiveCfg = Debug|Any CPU
		{1C3BD19B-3A2B-41C9-A8E2-A798F0DAEE5D}.Debug|Any CPU.Build.0 = Debug|Any CPU
		{1C3BD19B-3A2B-41C9-A8E2-A798F0DAEE5D}.Debug|x64.ActiveCfg = Debug|x64
		{1C3BD19B-3A2B-41C9-A8E2-A798F0DAEE5D}.Debug|x64.Build.0 = Debug|x64
		{1C3BD19B-3A2B-41C9-A8E2-A798F0DAEE5D}.Debug|x86.ActiveCfg = Debug|Any CPU
		{1C3BD19B-3A2B-41C9-A8E2-A798F0DAEE5D}.Debug|x86.Build.0 = Debug|Any CPU
		{1C3BD19B-3A2B-41C9-A8E2-A798F0DAEE5D}.Release|Any CPU.ActiveCfg = Release|Any CPU
		{1C3BD19B-3A2B-41C9-A8E2-A798F0DAEE5D}.Release|Any CPU.Build.0 = Release|Any CPU
		{1C3BD19B-3A2B-41C9-A8E2-A798F0DAEE5D}.Release|x64.ActiveCfg = Release|x64
		{1C3BD19B-3A2B-41C9-A8E2-A798F0DAEE5D}.Release|x64.Build.0 = Release|x64
		{1C3BD19B-3A2B-41C9-A8E2-A798F0DAEE5D}.Release|x86.ActiveCfg = Release|Any CPU
		{1C3BD19B-3A2B-41C9-A8E2-A798F0DAEE5D}.Release|x86.Build.0 = Release|Any CPU
		{099F09DF-EC52-498E-9472-4F5EAC07504A}.Debug|Any CPU.ActiveCfg = Debug|Any CPU
		{099F09DF-EC52-498E-9472-4F5EAC07504A}.Debug|Any CPU.Build.0 = Debug|Any CPU
		{099F09DF-EC52-498E-9472-4F5EAC07504A}.Debug|x64.ActiveCfg = Debug|x64
		{099F09DF-EC52-498E-9472-4F5EAC07504A}.Debug|x64.Build.0 = Debug|x64
		{099F09DF-EC52-498E-9472-4F5EAC07504A}.Debug|x86.ActiveCfg = Debug|Any CPU
		{099F09DF-EC52-498E-9472-4F5EAC07504A}.Debug|x86.Build.0 = Debug|Any CPU
		{099F09DF-EC52-498E-9472-4F5EAC07504A}.Release|Any CPU.ActiveCfg = Release|Any CPU
		{099F09DF-EC52-498E-9472-4F5EAC07504A}.Release|Any CPU.Build.0 = Release|Any CPU
		{099F09DF-EC52-498E-9472-4F5EAC07504A}.Release|x64.ActiveCfg = Release|x64
		{099F09DF-EC52-498E-9472-4F5EAC07504A}.Release|x64.Build.0 = Release|x64
		{099F09DF-EC52-498E-9472-4F5EAC07504A}.Release|x86.ActiveCfg = Release|Any CPU
		{099F09DF-EC52-498E-9472-4F5EAC07504A}.Release|x86.Build.0 = Release|Any CPU
		{DEE65BCE-3342-43DA-9177-3DAD6A146608}.Debug|Any CPU.ActiveCfg = Debug|Any CPU
		{DEE65BCE-3342-43DA-9177-3DAD6A146608}.Debug|Any CPU.Build.0 = Debug|Any CPU
		{DEE65BCE-3342-43DA-9177-3DAD6A146608}.Debug|x64.ActiveCfg = Debug|x64
		{DEE65BCE-3342-43DA-9177-3DAD6A146608}.Debug|x64.Build.0 = Debug|x64
		{DEE65BCE-3342-43DA-9177-3DAD6A146608}.Debug|x86.ActiveCfg = Debug|Any CPU
		{DEE65BCE-3342-43DA-9177-3DAD6A146608}.Debug|x86.Build.0 = Debug|Any CPU
		{DEE65BCE-3342-43DA-9177-3DAD6A146608}.Release|Any CPU.ActiveCfg = Release|Any CPU
		{DEE65BCE-3342-43DA-9177-3DAD6A146608}.Release|Any CPU.Build.0 = Release|Any CPU
		{DEE65BCE-3342-43DA-9177-3DAD6A146608}.Release|x64.ActiveCfg = Release|x64
		{DEE65BCE-3342-43DA-9177-3DAD6A146608}.Release|x64.Build.0 = Release|x64
		{DEE65BCE-3342-43DA-9177-3DAD6A146608}.Release|x86.ActiveCfg = Release|Any CPU
		{DEE65BCE-3342-43DA-9177-3DAD6A146608}.Release|x86.Build.0 = Release|Any CPU
		{F9463559-171B-43CD-8241-E6814BB7D9CF}.Debug|Any CPU.ActiveCfg = Debug|Any CPU
		{F9463559-171B-43CD-8241-E6814BB7D9CF}.Debug|Any CPU.Build.0 = Debug|Any CPU
		{F9463559-171B-43CD-8241-E6814BB7D9CF}.Debug|x64.ActiveCfg = Debug|x64
		{F9463559-171B-43CD-8241-E6814BB7D9CF}.Debug|x64.Build.0 = Debug|x64
		{F9463559-171B-43CD-8241-E6814BB7D9CF}.Debug|x86.ActiveCfg = Debug|Any CPU
		{F9463559-171B-43CD-8241-E6814BB7D9CF}.Debug|x86.Build.0 = Debug|Any CPU
		{F9463559-171B-43CD-8241-E6814BB7D9CF}.Release|Any CPU.ActiveCfg = Release|Any CPU
		{F9463559-171B-43CD-8241-E6814BB7D9CF}.Release|Any CPU.Build.0 = Release|Any CPU
		{F9463559-171B-43CD-8241-E6814BB7D9CF}.Release|x64.ActiveCfg = Release|x64
		{F9463559-171B-43CD-8241-E6814BB7D9CF}.Release|x64.Build.0 = Release|x64
		{F9463559-171B-43CD-8241-E6814BB7D9CF}.Release|x86.ActiveCfg = Release|Any CPU
		{F9463559-171B-43CD-8241-E6814BB7D9CF}.Release|x86.Build.0 = Release|Any CPU
		{C734B65A-788F-46C7-A843-5CD4BE69E2E9}.Debug|Any CPU.ActiveCfg = Debug|Any CPU
		{C734B65A-788F-46C7-A843-5CD4BE69E2E9}.Debug|Any CPU.Build.0 = Debug|Any CPU
		{C734B65A-788F-46C7-A843-5CD4BE69E2E9}.Debug|x64.ActiveCfg = Debug|x64
		{C734B65A-788F-46C7-A843-5CD4BE69E2E9}.Debug|x64.Build.0 = Debug|x64
		{C734B65A-788F-46C7-A843-5CD4BE69E2E9}.Debug|x86.ActiveCfg = Debug|Any CPU
		{C734B65A-788F-46C7-A843-5CD4BE69E2E9}.Debug|x86.Build.0 = Debug|Any CPU
		{C734B65A-788F-46C7-A843-5CD4BE69E2E9}.Release|Any CPU.ActiveCfg = Release|Any CPU
		{C734B65A-788F-46C7-A843-5CD4BE69E2E9}.Release|Any CPU.Build.0 = Release|Any CPU
		{C734B65A-788F-46C7-A843-5CD4BE69E2E9}.Release|x64.ActiveCfg = Release|x64
		{C734B65A-788F-46C7-A843-5CD4BE69E2E9}.Release|x64.Build.0 = Release|x64
		{C734B65A-788F-46C7-A843-5CD4BE69E2E9}.Release|x86.ActiveCfg = Release|Any CPU
		{C734B65A-788F-46C7-A843-5CD4BE69E2E9}.Release|x86.Build.0 = Release|Any CPU
		{12750268-C4A9-4397-94F0-D2684098A0CF}.Debug|Any CPU.ActiveCfg = Debug|Any CPU
		{12750268-C4A9-4397-94F0-D2684098A0CF}.Debug|Any CPU.Build.0 = Debug|Any CPU
		{12750268-C4A9-4397-94F0-D2684098A0CF}.Debug|x64.ActiveCfg = Debug|x64
		{12750268-C4A9-4397-94F0-D2684098A0CF}.Debug|x64.Build.0 = Debug|x64
		{12750268-C4A9-4397-94F0-D2684098A0CF}.Debug|x86.ActiveCfg = Debug|Any CPU
		{12750268-C4A9-4397-94F0-D2684098A0CF}.Debug|x86.Build.0 = Debug|Any CPU
		{12750268-C4A9-4397-94F0-D2684098A0CF}.Release|Any CPU.ActiveCfg = Release|Any CPU
		{12750268-C4A9-4397-94F0-D2684098A0CF}.Release|Any CPU.Build.0 = Release|Any CPU
		{12750268-C4A9-4397-94F0-D2684098A0CF}.Release|x64.ActiveCfg = Release|x64
		{12750268-C4A9-4397-94F0-D2684098A0CF}.Release|x64.Build.0 = Release|x64
		{12750268-C4A9-4397-94F0-D2684098A0CF}.Release|x86.ActiveCfg = Release|Any CPU
		{12750268-C4A9-4397-94F0-D2684098A0CF}.Release|x86.Build.0 = Release|Any CPU
		{A2927321-A8B7-4982-9D35-05D2FE9EFEC8}.Debug|Any CPU.ActiveCfg = Debug|Any CPU
		{A2927321-A8B7-4982-9D35-05D2FE9EFEC8}.Debug|Any CPU.Build.0 = Debug|Any CPU
		{A2927321-A8B7-4982-9D35-05D2FE9EFEC8}.Debug|x64.ActiveCfg = Debug|x64
		{A2927321-A8B7-4982-9D35-05D2FE9EFEC8}.Debug|x64.Build.0 = Debug|x64
		{A2927321-A8B7-4982-9D35-05D2FE9EFEC8}.Debug|x86.ActiveCfg = Debug|Any CPU
		{A2927321-A8B7-4982-9D35-05D2FE9EFEC8}.Debug|x86.Build.0 = Debug|Any CPU
		{A2927321-A8B7-4982-9D35-05D2FE9EFEC8}.Release|Any CPU.ActiveCfg = Release|Any CPU
		{A2927321-A8B7-4982-9D35-05D2FE9EFEC8}.Release|Any CPU.Build.0 = Release|Any CPU
		{A2927321-A8B7-4982-9D35-05D2FE9EFEC8}.Release|x64.ActiveCfg = Release|x64
		{A2927321-A8B7-4982-9D35-05D2FE9EFEC8}.Release|x64.Build.0 = Release|x64
		{A2927321-A8B7-4982-9D35-05D2FE9EFEC8}.Release|x86.ActiveCfg = Release|Any CPU
		{A2927321-A8B7-4982-9D35-05D2FE9EFEC8}.Release|x86.Build.0 = Release|Any CPU
		{9EB1B12F-DE95-47F7-AB2C-8FBFDB0D3C5C}.Debug|Any CPU.ActiveCfg = Debug|Any CPU
		{9EB1B12F-DE95-47F7-AB2C-8FBFDB0D3C5C}.Debug|Any CPU.Build.0 = Debug|Any CPU
		{9EB1B12F-DE95-47F7-AB2C-8FBFDB0D3C5C}.Debug|x64.ActiveCfg = Debug|x64
		{9EB1B12F-DE95-47F7-AB2C-8FBFDB0D3C5C}.Debug|x64.Build.0 = Debug|x64
		{9EB1B12F-DE95-47F7-AB2C-8FBFDB0D3C5C}.Debug|x86.ActiveCfg = Debug|Any CPU
		{9EB1B12F-DE95-47F7-AB2C-8FBFDB0D3C5C}.Debug|x86.Build.0 = Debug|Any CPU
		{9EB1B12F-DE95-47F7-AB2C-8FBFDB0D3C5C}.Release|Any CPU.ActiveCfg = Release|Any CPU
		{9EB1B12F-DE95-47F7-AB2C-8FBFDB0D3C5C}.Release|Any CPU.Build.0 = Release|Any CPU
		{9EB1B12F-DE95-47F7-AB2C-8FBFDB0D3C5C}.Release|x64.ActiveCfg = Release|x64
		{9EB1B12F-DE95-47F7-AB2C-8FBFDB0D3C5C}.Release|x64.Build.0 = Release|x64
		{9EB1B12F-DE95-47F7-AB2C-8FBFDB0D3C5C}.Release|x86.ActiveCfg = Release|Any CPU
		{9EB1B12F-DE95-47F7-AB2C-8FBFDB0D3C5C}.Release|x86.Build.0 = Release|Any CPU
		{2E0CA6A2-F423-45F3-B76F-6CA9D25386DC}.Debug|Any CPU.ActiveCfg = Debug|Any CPU
		{2E0CA6A2-F423-45F3-B76F-6CA9D25386DC}.Debug|Any CPU.Build.0 = Debug|Any CPU
		{2E0CA6A2-F423-45F3-B76F-6CA9D25386DC}.Debug|x64.ActiveCfg = Debug|x64
		{2E0CA6A2-F423-45F3-B76F-6CA9D25386DC}.Debug|x64.Build.0 = Debug|x64
		{2E0CA6A2-F423-45F3-B76F-6CA9D25386DC}.Debug|x86.ActiveCfg = Debug|Any CPU
		{2E0CA6A2-F423-45F3-B76F-6CA9D25386DC}.Debug|x86.Build.0 = Debug|Any CPU
		{2E0CA6A2-F423-45F3-B76F-6CA9D25386DC}.Release|Any CPU.ActiveCfg = Release|Any CPU
		{2E0CA6A2-F423-45F3-B76F-6CA9D25386DC}.Release|Any CPU.Build.0 = Release|Any CPU
		{2E0CA6A2-F423-45F3-B76F-6CA9D25386DC}.Release|x64.ActiveCfg = Release|x64
		{2E0CA6A2-F423-45F3-B76F-6CA9D25386DC}.Release|x64.Build.0 = Release|x64
		{2E0CA6A2-F423-45F3-B76F-6CA9D25386DC}.Release|x86.ActiveCfg = Release|Any CPU
		{2E0CA6A2-F423-45F3-B76F-6CA9D25386DC}.Release|x86.Build.0 = Release|Any CPU
		{6ED4E891-2A51-4D26-9C32-44BC0829AC27}.Debug|Any CPU.ActiveCfg = Debug|Any CPU
		{6ED4E891-2A51-4D26-9C32-44BC0829AC27}.Debug|Any CPU.Build.0 = Debug|Any CPU
		{6ED4E891-2A51-4D26-9C32-44BC0829AC27}.Debug|x64.ActiveCfg = Debug|x64
		{6ED4E891-2A51-4D26-9C32-44BC0829AC27}.Debug|x64.Build.0 = Debug|x64
		{6ED4E891-2A51-4D26-9C32-44BC0829AC27}.Debug|x86.ActiveCfg = Debug|Any CPU
		{6ED4E891-2A51-4D26-9C32-44BC0829AC27}.Debug|x86.Build.0 = Debug|Any CPU
		{6ED4E891-2A51-4D26-9C32-44BC0829AC27}.Release|Any CPU.ActiveCfg = Release|Any CPU
		{6ED4E891-2A51-4D26-9C32-44BC0829AC27}.Release|Any CPU.Build.0 = Release|Any CPU
		{6ED4E891-2A51-4D26-9C32-44BC0829AC27}.Release|x64.ActiveCfg = Release|x64
		{6ED4E891-2A51-4D26-9C32-44BC0829AC27}.Release|x64.Build.0 = Release|x64
		{6ED4E891-2A51-4D26-9C32-44BC0829AC27}.Release|x86.ActiveCfg = Release|Any CPU
		{6ED4E891-2A51-4D26-9C32-44BC0829AC27}.Release|x86.Build.0 = Release|Any CPU
		{61B954AF-A743-4033-A608-AF32A6864478}.Debug|Any CPU.ActiveCfg = Debug|Any CPU
		{61B954AF-A743-4033-A608-AF32A6864478}.Debug|Any CPU.Build.0 = Debug|Any CPU
		{61B954AF-A743-4033-A608-AF32A6864478}.Debug|x64.ActiveCfg = Debug|x64
		{61B954AF-A743-4033-A608-AF32A6864478}.Debug|x64.Build.0 = Debug|x64
		{61B954AF-A743-4033-A608-AF32A6864478}.Debug|x86.ActiveCfg = Debug|Any CPU
		{61B954AF-A743-4033-A608-AF32A6864478}.Debug|x86.Build.0 = Debug|Any CPU
		{61B954AF-A743-4033-A608-AF32A6864478}.Release|Any CPU.ActiveCfg = Release|Any CPU
		{61B954AF-A743-4033-A608-AF32A6864478}.Release|Any CPU.Build.0 = Release|Any CPU
		{61B954AF-A743-4033-A608-AF32A6864478}.Release|x64.ActiveCfg = Release|x64
		{61B954AF-A743-4033-A608-AF32A6864478}.Release|x64.Build.0 = Release|x64
		{61B954AF-A743-4033-A608-AF32A6864478}.Release|x86.ActiveCfg = Release|Any CPU
		{61B954AF-A743-4033-A608-AF32A6864478}.Release|x86.Build.0 = Release|Any CPU
		{9719CB6A-74AD-441D-A999-0F16A1855D1C}.Debug|Any CPU.ActiveCfg = Debug|Any CPU
		{9719CB6A-74AD-441D-A999-0F16A1855D1C}.Debug|Any CPU.Build.0 = Debug|Any CPU
		{9719CB6A-74AD-441D-A999-0F16A1855D1C}.Debug|x64.ActiveCfg = Debug|x64
		{9719CB6A-74AD-441D-A999-0F16A1855D1C}.Debug|x64.Build.0 = Debug|x64
		{9719CB6A-74AD-441D-A999-0F16A1855D1C}.Debug|x86.ActiveCfg = Debug|x86
		{9719CB6A-74AD-441D-A999-0F16A1855D1C}.Debug|x86.Build.0 = Debug|x86
		{9719CB6A-74AD-441D-A999-0F16A1855D1C}.Release|Any CPU.ActiveCfg = Release|Any CPU
		{9719CB6A-74AD-441D-A999-0F16A1855D1C}.Release|Any CPU.Build.0 = Release|Any CPU
		{9719CB6A-74AD-441D-A999-0F16A1855D1C}.Release|x64.ActiveCfg = Release|x64
		{9719CB6A-74AD-441D-A999-0F16A1855D1C}.Release|x64.Build.0 = Release|x64
		{9719CB6A-74AD-441D-A999-0F16A1855D1C}.Release|x86.ActiveCfg = Release|x86
		{9719CB6A-74AD-441D-A999-0F16A1855D1C}.Release|x86.Build.0 = Release|x86
		{AFF99737-C82A-4FA3-99AD-1A22D220170F}.Debug|Any CPU.ActiveCfg = Debug|x64
		{AFF99737-C82A-4FA3-99AD-1A22D220170F}.Debug|Any CPU.Build.0 = Debug|x64
		{AFF99737-C82A-4FA3-99AD-1A22D220170F}.Debug|x64.ActiveCfg = Debug|x64
		{AFF99737-C82A-4FA3-99AD-1A22D220170F}.Debug|x64.Build.0 = Debug|x64
		{AFF99737-C82A-4FA3-99AD-1A22D220170F}.Debug|x86.ActiveCfg = Debug|x64
		{AFF99737-C82A-4FA3-99AD-1A22D220170F}.Debug|x86.Build.0 = Debug|x64
		{AFF99737-C82A-4FA3-99AD-1A22D220170F}.Release|Any CPU.ActiveCfg = Release|x64
		{AFF99737-C82A-4FA3-99AD-1A22D220170F}.Release|x64.ActiveCfg = Release|x64
		{AFF99737-C82A-4FA3-99AD-1A22D220170F}.Release|x64.Build.0 = Release|x64
		{AFF99737-C82A-4FA3-99AD-1A22D220170F}.Release|x86.ActiveCfg = Release|x64
		{AFF99737-C82A-4FA3-99AD-1A22D220170F}.Release|x86.Build.0 = Release|x64
		{C6F557C4-9A5B-46C6-8423-9B7D8089AE45}.Debug|Any CPU.ActiveCfg = Debug|x64
		{C6F557C4-9A5B-46C6-8423-9B7D8089AE45}.Debug|Any CPU.Build.0 = Debug|x64
		{C6F557C4-9A5B-46C6-8423-9B7D8089AE45}.Debug|x64.ActiveCfg = Debug|x64
		{C6F557C4-9A5B-46C6-8423-9B7D8089AE45}.Debug|x64.Build.0 = Debug|x64
		{C6F557C4-9A5B-46C6-8423-9B7D8089AE45}.Debug|x86.ActiveCfg = Debug|x64
		{C6F557C4-9A5B-46C6-8423-9B7D8089AE45}.Debug|x86.Build.0 = Debug|x64
		{C6F557C4-9A5B-46C6-8423-9B7D8089AE45}.Release|Any CPU.ActiveCfg = Release|x64
		{C6F557C4-9A5B-46C6-8423-9B7D8089AE45}.Release|x64.ActiveCfg = Release|x64
		{C6F557C4-9A5B-46C6-8423-9B7D8089AE45}.Release|x64.Build.0 = Release|x64
		{C6F557C4-9A5B-46C6-8423-9B7D8089AE45}.Release|x86.ActiveCfg = Release|x64
		{C6F557C4-9A5B-46C6-8423-9B7D8089AE45}.Release|x86.Build.0 = Release|x64
		{F274EDBB-0288-4625-B657-F9AB2DC62543}.Debug|Any CPU.ActiveCfg = Debug|Any CPU
		{F274EDBB-0288-4625-B657-F9AB2DC62543}.Debug|Any CPU.Build.0 = Debug|Any CPU
		{F274EDBB-0288-4625-B657-F9AB2DC62543}.Debug|x64.ActiveCfg = Debug|x64
		{F274EDBB-0288-4625-B657-F9AB2DC62543}.Debug|x64.Build.0 = Debug|x64
		{F274EDBB-0288-4625-B657-F9AB2DC62543}.Debug|x86.ActiveCfg = Debug|Any CPU
		{F274EDBB-0288-4625-B657-F9AB2DC62543}.Debug|x86.Build.0 = Debug|Any CPU
		{F274EDBB-0288-4625-B657-F9AB2DC62543}.Release|Any CPU.ActiveCfg = Release|Any CPU
		{F274EDBB-0288-4625-B657-F9AB2DC62543}.Release|Any CPU.Build.0 = Release|Any CPU
		{F274EDBB-0288-4625-B657-F9AB2DC62543}.Release|x64.ActiveCfg = Release|x64
		{F274EDBB-0288-4625-B657-F9AB2DC62543}.Release|x64.Build.0 = Release|x64
		{F274EDBB-0288-4625-B657-F9AB2DC62543}.Release|x86.ActiveCfg = Release|Any CPU
		{F274EDBB-0288-4625-B657-F9AB2DC62543}.Release|x86.Build.0 = Release|Any CPU
		{E09D72D1-7A68-45E3-B7B6-990B7E78BE18}.Debug|Any CPU.ActiveCfg = Debug|Any CPU
		{E09D72D1-7A68-45E3-B7B6-990B7E78BE18}.Debug|Any CPU.Build.0 = Debug|Any CPU
		{E09D72D1-7A68-45E3-B7B6-990B7E78BE18}.Debug|x64.ActiveCfg = Debug|x64
		{E09D72D1-7A68-45E3-B7B6-990B7E78BE18}.Debug|x64.Build.0 = Debug|x64
		{E09D72D1-7A68-45E3-B7B6-990B7E78BE18}.Debug|x86.ActiveCfg = Debug|Any CPU
		{E09D72D1-7A68-45E3-B7B6-990B7E78BE18}.Debug|x86.Build.0 = Debug|Any CPU
		{E09D72D1-7A68-45E3-B7B6-990B7E78BE18}.Release|Any CPU.ActiveCfg = Release|Any CPU
		{E09D72D1-7A68-45E3-B7B6-990B7E78BE18}.Release|Any CPU.Build.0 = Release|Any CPU
		{E09D72D1-7A68-45E3-B7B6-990B7E78BE18}.Release|x64.ActiveCfg = Release|x64
		{E09D72D1-7A68-45E3-B7B6-990B7E78BE18}.Release|x64.Build.0 = Release|x64
		{E09D72D1-7A68-45E3-B7B6-990B7E78BE18}.Release|x86.ActiveCfg = Release|Any CPU
		{E09D72D1-7A68-45E3-B7B6-990B7E78BE18}.Release|x86.Build.0 = Release|Any CPU
		{D132A51B-B07A-46E6-80AE-F26617BD3ACE}.Debug|Any CPU.ActiveCfg = Debug|Any CPU
		{D132A51B-B07A-46E6-80AE-F26617BD3ACE}.Debug|Any CPU.Build.0 = Debug|Any CPU
		{D132A51B-B07A-46E6-80AE-F26617BD3ACE}.Debug|x64.ActiveCfg = Debug|x64
		{D132A51B-B07A-46E6-80AE-F26617BD3ACE}.Debug|x64.Build.0 = Debug|x64
		{D132A51B-B07A-46E6-80AE-F26617BD3ACE}.Debug|x86.ActiveCfg = Debug|Any CPU
		{D132A51B-B07A-46E6-80AE-F26617BD3ACE}.Debug|x86.Build.0 = Debug|Any CPU
		{D132A51B-B07A-46E6-80AE-F26617BD3ACE}.Release|Any CPU.ActiveCfg = Release|Any CPU
		{D132A51B-B07A-46E6-80AE-F26617BD3ACE}.Release|Any CPU.Build.0 = Release|Any CPU
		{D132A51B-B07A-46E6-80AE-F26617BD3ACE}.Release|x64.ActiveCfg = Release|x64
		{D132A51B-B07A-46E6-80AE-F26617BD3ACE}.Release|x64.Build.0 = Release|x64
		{D132A51B-B07A-46E6-80AE-F26617BD3ACE}.Release|x86.ActiveCfg = Release|Any CPU
		{D132A51B-B07A-46E6-80AE-F26617BD3ACE}.Release|x86.Build.0 = Release|Any CPU
	EndGlobalSection
	GlobalSection(SolutionProperties) = preSolution
		HideSolutionNode = FALSE
	EndGlobalSection
	GlobalSection(NestedProjects) = preSolution
		{D8F7AE99-3F9D-44DD-B23F-5E3625EFC304} = {B6EE7536-2FD4-4D05-B3E3-F9A794F45C6D}
		{F14A3C6D-4F03-48CF-A3F4-BACF87DC97F2} = {B6EE7536-2FD4-4D05-B3E3-F9A794F45C6D}
		{1C3BD19B-3A2B-41C9-A8E2-A798F0DAEE5D} = {0CF4F019-2CBF-482A-9DC9-F6707179B932}
		{099F09DF-EC52-498E-9472-4F5EAC07504A} = {9E8B5D9A-AD94-4476-A125-6A894E4C7234}
		{DEE65BCE-3342-43DA-9177-3DAD6A146608} = {9E8B5D9A-AD94-4476-A125-6A894E4C7234}
		{F9463559-171B-43CD-8241-E6814BB7D9CF} = {0CF4F019-2CBF-482A-9DC9-F6707179B932}
		{C734B65A-788F-46C7-A843-5CD4BE69E2E9} = {9E8B5D9A-AD94-4476-A125-6A894E4C7234}
		{12750268-C4A9-4397-94F0-D2684098A0CF} = {9E8B5D9A-AD94-4476-A125-6A894E4C7234}
		{A2927321-A8B7-4982-9D35-05D2FE9EFEC8} = {0CF4F019-2CBF-482A-9DC9-F6707179B932}
		{9EB1B12F-DE95-47F7-AB2C-8FBFDB0D3C5C} = {9E8B5D9A-AD94-4476-A125-6A894E4C7234}
		{6ED4E891-2A51-4D26-9C32-44BC0829AC27} = {9E8B5D9A-AD94-4476-A125-6A894E4C7234}
		{61B954AF-A743-4033-A608-AF32A6864478} = {9E8B5D9A-AD94-4476-A125-6A894E4C7234}
		{60381250-ADAD-4E9C-B7AB-A2837C983693} = {0CF4F019-2CBF-482A-9DC9-F6707179B932}
		{C6F557C4-9A5B-46C6-8423-9B7D8089AE45} = {0CF4F019-2CBF-482A-9DC9-F6707179B932}
		{F274EDBB-0288-4625-B657-F9AB2DC62543} = {60381250-ADAD-4E9C-B7AB-A2837C983693}
		{E09D72D1-7A68-45E3-B7B6-990B7E78BE18} = {60381250-ADAD-4E9C-B7AB-A2837C983693}
		{9E8B5D9A-AD94-4476-A125-6A894E4C7234} = {0CF4F019-2CBF-482A-9DC9-F6707179B932}
		{D132A51B-B07A-46E6-80AE-F26617BD3ACE} = {9E8B5D9A-AD94-4476-A125-6A894E4C7234}
	EndGlobalSection
	GlobalSection(ExtensibilityGlobals) = postSolution
		SolutionGuid = {33D9E3AF-5810-41DD-9EEE-1E09B5B8ECB4}
	EndGlobalSection
EndGlobal
